// !$*UTF8*$!
{
	archiveVersion = 1;
	classes = {
	};
	objectVersion = 56;
	objects = {

/* Begin PBXBuildFile section */
		A8552A8B29A8C3E7008E78F3 /* AppDelegate.swift in Sources */ = {isa = PBXBuildFile; fileRef = A8552A8A29A8C3E7008E78F3 /* AppDelegate.swift */; };
		A8552A8D29A8C3E7008E78F3 /* SceneDelegate.swift in Sources */ = {isa = PBXBuildFile; fileRef = A8552A8C29A8C3E7008E78F3 /* SceneDelegate.swift */; };
		A8552A8F29A8C3E7008E78F3 /* ViewController.swift in Sources */ = {isa = PBXBuildFile; fileRef = A8552A8E29A8C3E7008E78F3 /* ViewController.swift */; };
		A8552A9229A8C3E7008E78F3 /* Main.storyboard in Resources */ = {isa = PBXBuildFile; fileRef = A8552A9029A8C3E7008E78F3 /* Main.storyboard */; };
		A8552A9429A8C3E8008E78F3 /* Assets.xcassets in Resources */ = {isa = PBXBuildFile; fileRef = A8552A9329A8C3E8008E78F3 /* Assets.xcassets */; };
		A8552A9729A8C3E8008E78F3 /* LaunchScreen.storyboard in Resources */ = {isa = PBXBuildFile; fileRef = A8552A9529A8C3E8008E78F3 /* LaunchScreen.storyboard */; };
		A8552AA229A8C3E8008E78F3 /* ImageDownloaderTests.swift in Sources */ = {isa = PBXBuildFile; fileRef = A8552AA129A8C3E8008E78F3 /* ImageDownloaderTests.swift */; };
		A8552AAC29A8C3E8008E78F3 /* ImageDownloaderUITests.swift in Sources */ = {isa = PBXBuildFile; fileRef = A8552AAB29A8C3E8008E78F3 /* ImageDownloaderUITests.swift */; };
		A8552AAE29A8C3E8008E78F3 /* ImageDownloaderUITestsLaunchTests.swift in Sources */ = {isa = PBXBuildFile; fileRef = A8552AAD29A8C3E8008E78F3 /* ImageDownloaderUITestsLaunchTests.swift */; };
		A8552ABD29A9260F008E78F3 /* APICaller.swift in Sources */ = {isa = PBXBuildFile; fileRef = A8552ABC29A9260F008E78F3 /* APICaller.swift */; };
/* End PBXBuildFile section */

/* Begin PBXContainerItemProxy section */
		A8552A9E29A8C3E8008E78F3 /* PBXContainerItemProxy */ = {
			isa = PBXContainerItemProxy;
			containerPortal = A8552A7F29A8C3E7008E78F3 /* Project object */;
			proxyType = 1;
			remoteGlobalIDString = A8552A8629A8C3E7008E78F3;
			remoteInfo = ImageDownloader;
		};
		A8552AA829A8C3E8008E78F3 /* PBXContainerItemProxy */ = {
			isa = PBXContainerItemProxy;
			containerPortal = A8552A7F29A8C3E7008E78F3 /* Project object */;
			proxyType = 1;
			remoteGlobalIDString = A8552A8629A8C3E7008E78F3;
			remoteInfo = ImageDownloader;
		};
/* End PBXContainerItemProxy section */

/* Begin PBXFileReference section */
		A8552A8729A8C3E7008E78F3 /* ImageDownloader.app */ = {isa = PBXFileReference; explicitFileType = wrapper.application; includeInIndex = 0; path = ImageDownloader.app; sourceTree = BUILT_PRODUCTS_DIR; };
		A8552A8A29A8C3E7008E78F3 /* AppDelegate.swift */ = {isa = PBXFileReference; lastKnownFileType = sourcecode.swift; path = AppDelegate.swift; sourceTree = "<group>"; };
		A8552A8C29A8C3E7008E78F3 /* SceneDelegate.swift */ = {isa = PBXFileReference; lastKnownFileType = sourcecode.swift; path = SceneDelegate.swift; sourceTree = "<group>"; };
		A8552A8E29A8C3E7008E78F3 /* ViewController.swift */ = {isa = PBXFileReference; lastKnownFileType = sourcecode.swift; path = ViewController.swift; sourceTree = "<group>"; };
		A8552A9129A8C3E7008E78F3 /* Base */ = {isa = PBXFileReference; lastKnownFileType = file.storyboard; name = Base; path = Base.lproj/Main.storyboard; sourceTree = "<group>"; };
		A8552A9329A8C3E8008E78F3 /* Assets.xcassets */ = {isa = PBXFileReference; lastKnownFileType = folder.assetcatalog; path = Assets.xcassets; sourceTree = "<group>"; };
		A8552A9629A8C3E8008E78F3 /* Base */ = {isa = PBXFileReference; lastKnownFileType = file.storyboard; name = Base; path = Base.lproj/LaunchScreen.storyboard; sourceTree = "<group>"; };
		A8552A9829A8C3E8008E78F3 /* Info.plist */ = {isa = PBXFileReference; lastKnownFileType = text.plist.xml; path = Info.plist; sourceTree = "<group>"; };
		A8552A9D29A8C3E8008E78F3 /* ImageDownloaderTests.xctest */ = {isa = PBXFileReference; explicitFileType = wrapper.cfbundle; includeInIndex = 0; path = ImageDownloaderTests.xctest; sourceTree = BUILT_PRODUCTS_DIR; };
		A8552AA129A8C3E8008E78F3 /* ImageDownloaderTests.swift */ = {isa = PBXFileReference; lastKnownFileType = sourcecode.swift; path = ImageDownloaderTests.swift; sourceTree = "<group>"; };
		A8552AA729A8C3E8008E78F3 /* ImageDownloaderUITests.xctest */ = {isa = PBXFileReference; explicitFileType = wrapper.cfbundle; includeInIndex = 0; path = ImageDownloaderUITests.xctest; sourceTree = BUILT_PRODUCTS_DIR; };
		A8552AAB29A8C3E8008E78F3 /* ImageDownloaderUITests.swift */ = {isa = PBXFileReference; lastKnownFileType = sourcecode.swift; path = ImageDownloaderUITests.swift; sourceTree = "<group>"; };
		A8552AAD29A8C3E8008E78F3 /* ImageDownloaderUITestsLaunchTests.swift */ = {isa = PBXFileReference; lastKnownFileType = sourcecode.swift; path = ImageDownloaderUITestsLaunchTests.swift; sourceTree = "<group>"; };
		A8552ABC29A9260F008E78F3 /* APICaller.swift */ = {isa = PBXFileReference; lastKnownFileType = sourcecode.swift; path = APICaller.swift; sourceTree = "<group>"; };
/* End PBXFileReference section */

/* Begin PBXFrameworksBuildPhase section */
		A8552A8429A8C3E7008E78F3 /* Frameworks */ = {
			isa = PBXFrameworksBuildPhase;
			buildActionMask = 2147483647;
			files = (
			);
			runOnlyForDeploymentPostprocessing = 0;
		};
		A8552A9A29A8C3E8008E78F3 /* Frameworks */ = {
			isa = PBXFrameworksBuildPhase;
			buildActionMask = 2147483647;
			files = (
			);
			runOnlyForDeploymentPostprocessing = 0;
		};
		A8552AA429A8C3E8008E78F3 /* Frameworks */ = {
			isa = PBXFrameworksBuildPhase;
			buildActionMask = 2147483647;
			files = (
			);
			runOnlyForDeploymentPostprocessing = 0;
		};
/* End PBXFrameworksBuildPhase section */

/* Begin PBXGroup section */
		A8552A7E29A8C3E7008E78F3 = {
			isa = PBXGroup;
			children = (
				A8552A8929A8C3E7008E78F3 /* ImageDownloader */,
				A8552AA029A8C3E8008E78F3 /* ImageDownloaderTests */,
				A8552AAA29A8C3E8008E78F3 /* ImageDownloaderUITests */,
				A8552A8829A8C3E7008E78F3 /* Products */,
			);
			sourceTree = "<group>";
		};
		A8552A8829A8C3E7008E78F3 /* Products */ = {
			isa = PBXGroup;
			children = (
				A8552A8729A8C3E7008E78F3 /* ImageDownloader.app */,
				A8552A9D29A8C3E8008E78F3 /* ImageDownloaderTests.xctest */,
				A8552AA729A8C3E8008E78F3 /* ImageDownloaderUITests.xctest */,
			);
			name = Products;
			sourceTree = "<group>";
		};
		A8552A8929A8C3E7008E78F3 /* ImageDownloader */ = {
			isa = PBXGroup;
			children = (
				A8552ABC29A9260F008E78F3 /* APICaller.swift */,
				A8552A8E29A8C3E7008E78F3 /* ViewController.swift */,
				A8552A8A29A8C3E7008E78F3 /* AppDelegate.swift */,
				A8552A8C29A8C3E7008E78F3 /* SceneDelegate.swift */,
				A8552A9029A8C3E7008E78F3 /* Main.storyboard */,
				A8552A9329A8C3E8008E78F3 /* Assets.xcassets */,
				A8552A9529A8C3E8008E78F3 /* LaunchScreen.storyboard */,
				A8552A9829A8C3E8008E78F3 /* Info.plist */,
			);
			path = ImageDownloader;
			sourceTree = "<group>";
		};
		A8552AA029A8C3E8008E78F3 /* ImageDownloaderTests */ = {
			isa = PBXGroup;
			children = (
				A8552AA129A8C3E8008E78F3 /* ImageDownloaderTests.swift */,
			);
			path = ImageDownloaderTests;
			sourceTree = "<group>";
		};
		A8552AAA29A8C3E8008E78F3 /* ImageDownloaderUITests */ = {
			isa = PBXGroup;
			children = (
				A8552AAB29A8C3E8008E78F3 /* ImageDownloaderUITests.swift */,
				A8552AAD29A8C3E8008E78F3 /* ImageDownloaderUITestsLaunchTests.swift */,
			);
			path = ImageDownloaderUITests;
			sourceTree = "<group>";
		};
/* End PBXGroup section */

/* Begin PBXNativeTarget section */
		A8552A8629A8C3E7008E78F3 /* ImageDownloader */ = {
			isa = PBXNativeTarget;
			buildConfigurationList = A8552AB129A8C3E8008E78F3 /* Build configuration list for PBXNativeTarget "ImageDownloader" */;
			buildPhases = (
				A8552A8329A8C3E7008E78F3 /* Sources */,
				A8552A8429A8C3E7008E78F3 /* Frameworks */,
				A8552A8529A8C3E7008E78F3 /* Resources */,
			);
			buildRules = (
			);
			dependencies = (
			);
			name = ImageDownloader;
			productName = ImageDownloader;
			productReference = A8552A8729A8C3E7008E78F3 /* ImageDownloader.app */;
			productType = "com.apple.product-type.application";
		};
		A8552A9C29A8C3E8008E78F3 /* ImageDownloaderTests */ = {
			isa = PBXNativeTarget;
			buildConfigurationList = A8552AB429A8C3E8008E78F3 /* Build configuration list for PBXNativeTarget "ImageDownloaderTests" */;
			buildPhases = (
				A8552A9929A8C3E8008E78F3 /* Sources */,
				A8552A9A29A8C3E8008E78F3 /* Frameworks */,
				A8552A9B29A8C3E8008E78F3 /* Resources */,
			);
			buildRules = (
			);
			dependencies = (
				A8552A9F29A8C3E8008E78F3 /* PBXTargetDependency */,
			);
			name = ImageDownloaderTests;
			productName = ImageDownloaderTests;
			productReference = A8552A9D29A8C3E8008E78F3 /* ImageDownloaderTests.xctest */;
			productType = "com.apple.product-type.bundle.unit-test";
		};
		A8552AA629A8C3E8008E78F3 /* ImageDownloaderUITests */ = {
			isa = PBXNativeTarget;
			buildConfigurationList = A8552AB729A8C3E8008E78F3 /* Build configuration list for PBXNativeTarget "ImageDownloaderUITests" */;
			buildPhases = (
				A8552AA329A8C3E8008E78F3 /* Sources */,
				A8552AA429A8C3E8008E78F3 /* Frameworks */,
				A8552AA529A8C3E8008E78F3 /* Resources */,
			);
			buildRules = (
			);
			dependencies = (
				A8552AA929A8C3E8008E78F3 /* PBXTargetDependency */,
			);
			name = ImageDownloaderUITests;
			productName = ImageDownloaderUITests;
			productReference = A8552AA729A8C3E8008E78F3 /* ImageDownloaderUITests.xctest */;
			productType = "com.apple.product-type.bundle.ui-testing";
		};
/* End PBXNativeTarget section */

/* Begin PBXProject section */
		A8552A7F29A8C3E7008E78F3 /* Project object */ = {
			isa = PBXProject;
			attributes = {
				BuildIndependentTargetsInParallel = 1;
				LastSwiftUpdateCheck = 1420;
				LastUpgradeCheck = 1420;
				TargetAttributes = {
					A8552A8629A8C3E7008E78F3 = {
						CreatedOnToolsVersion = 14.2;
					};
					A8552A9C29A8C3E8008E78F3 = {
						CreatedOnToolsVersion = 14.2;
						TestTargetID = A8552A8629A8C3E7008E78F3;
					};
					A8552AA629A8C3E8008E78F3 = {
						CreatedOnToolsVersion = 14.2;
						TestTargetID = A8552A8629A8C3E7008E78F3;
					};
				};
			};
			buildConfigurationList = A8552A8229A8C3E7008E78F3 /* Build configuration list for PBXProject "ImageDownloader" */;
			compatibilityVersion = "Xcode 14.0";
			developmentRegion = en;
			hasScannedForEncodings = 0;
			knownRegions = (
				en,
				Base,
			);
			mainGroup = A8552A7E29A8C3E7008E78F3;
			productRefGroup = A8552A8829A8C3E7008E78F3 /* Products */;
			projectDirPath = "";
			projectRoot = "";
			targets = (
				A8552A8629A8C3E7008E78F3 /* ImageDownloader */,
				A8552A9C29A8C3E8008E78F3 /* ImageDownloaderTests */,
				A8552AA629A8C3E8008E78F3 /* ImageDownloaderUITests */,
			);
		};
/* End PBXProject section */

/* Begin PBXResourcesBuildPhase section */
		A8552A8529A8C3E7008E78F3 /* Resources */ = {
			isa = PBXResourcesBuildPhase;
			buildActionMask = 2147483647;
			files = (
				A8552A9729A8C3E8008E78F3 /* LaunchScreen.storyboard in Resources */,
				A8552A9429A8C3E8008E78F3 /* Assets.xcassets in Resources */,
				A8552A9229A8C3E7008E78F3 /* Main.storyboard in Resources */,
			);
			runOnlyForDeploymentPostprocessing = 0;
		};
		A8552A9B29A8C3E8008E78F3 /* Resources */ = {
			isa = PBXResourcesBuildPhase;
			buildActionMask = 2147483647;
			files = (
			);
			runOnlyForDeploymentPostprocessing = 0;
		};
		A8552AA529A8C3E8008E78F3 /* Resources */ = {
			isa = PBXResourcesBuildPhase;
			buildActionMask = 2147483647;
			files = (
			);
			runOnlyForDeploymentPostprocessing = 0;
		};
/* End PBXResourcesBuildPhase section */

/* Begin PBXSourcesBuildPhase section */
		A8552A8329A8C3E7008E78F3 /* Sources */ = {
			isa = PBXSourcesBuildPhase;
			buildActionMask = 2147483647;
			files = (
				A8552A8F29A8C3E7008E78F3 /* ViewController.swift in Sources */,
				A8552A8B29A8C3E7008E78F3 /* AppDelegate.swift in Sources */,
				A8552A8D29A8C3E7008E78F3 /* SceneDelegate.swift in Sources */,
				A8552ABD29A9260F008E78F3 /* APICaller.swift in Sources */,
			);
			runOnlyForDeploymentPostprocessing = 0;
		};
		A8552A9929A8C3E8008E78F3 /* Sources */ = {
			isa = PBXSourcesBuildPhase;
			buildActionMask = 2147483647;
			files = (
				A8552AA229A8C3E8008E78F3 /* ImageDownloaderTests.swift in Sources */,
			);
			runOnlyForDeploymentPostprocessing = 0;
		};
		A8552AA329A8C3E8008E78F3 /* Sources */ = {
			isa = PBXSourcesBuildPhase;
			buildActionMask = 2147483647;
			files = (
				A8552AAC29A8C3E8008E78F3 /* ImageDownloaderUITests.swift in Sources */,
				A8552AAE29A8C3E8008E78F3 /* ImageDownloaderUITestsLaunchTests.swift in Sources */,
			);
			runOnlyForDeploymentPostprocessing = 0;
		};
/* End PBXSourcesBuildPhase section */

/* Begin PBXTargetDependency section */
		A8552A9F29A8C3E8008E78F3 /* PBXTargetDependency */ = {
			isa = PBXTargetDependency;
			target = A8552A8629A8C3E7008E78F3 /* ImageDownloader */;
			targetProxy = A8552A9E29A8C3E8008E78F3 /* PBXContainerItemProxy */;
		};
		A8552AA929A8C3E8008E78F3 /* PBXTargetDependency */ = {
			isa = PBXTargetDependency;
			target = A8552A8629A8C3E7008E78F3 /* ImageDownloader */;
			targetProxy = A8552AA829A8C3E8008E78F3 /* PBXContainerItemProxy */;
		};
/* End PBXTargetDependency section */

/* Begin PBXVariantGroup section */
		A8552A9029A8C3E7008E78F3 /* Main.storyboard */ = {
			isa = PBXVariantGroup;
			children = (
				A8552A9129A8C3E7008E78F3 /* Base */,
			);
			name = Main.storyboard;
			sourceTree = "<group>";
		};
		A8552A9529A8C3E8008E78F3 /* LaunchScreen.storyboard */ = {
			isa = PBXVariantGroup;
			children = (
				A8552A9629A8C3E8008E78F3 /* Base */,
			);
			name = LaunchScreen.storyboard;
			sourceTree = "<group>";
		};
/* End PBXVariantGroup section */

/* Begin XCBuildConfiguration section */
		A8552AAF29A8C3E8008E78F3 /* Debug */ = {
			isa = XCBuildConfiguration;
			buildSettings = {
				ALWAYS_SEARCH_USER_PATHS = NO;
				CLANG_ANALYZER_NONNULL = YES;
				CLANG_ANALYZER_NUMBER_OBJECT_CONVERSION = YES_AGGRESSIVE;
				CLANG_CXX_LANGUAGE_STANDARD = "gnu++20";
				CLANG_ENABLE_MODULES = YES;
				CLANG_ENABLE_OBJC_ARC = YES;
				CLANG_ENABLE_OBJC_WEAK = YES;
				CLANG_WARN_BLOCK_CAPTURE_AUTORELEASING = YES;
				CLANG_WARN_BOOL_CONVERSION = YES;
				CLANG_WARN_COMMA = YES;
				CLANG_WARN_CONSTANT_CONVERSION = YES;
				CLANG_WARN_DEPRECATED_OBJC_IMPLEMENTATIONS = YES;
				CLANG_WARN_DIRECT_OBJC_ISA_USAGE = YES_ERROR;
				CLANG_WARN_DOCUMENTATION_COMMENTS = YES;
				CLANG_WARN_EMPTY_BODY = YES;
				CLANG_WARN_ENUM_CONVERSION = YES;
				CLANG_WARN_INFINITE_RECURSION = YES;
				CLANG_WARN_INT_CONVERSION = YES;
				CLANG_WARN_NON_LITERAL_NULL_CONVERSION = YES;
				CLANG_WARN_OBJC_IMPLICIT_RETAIN_SELF = YES;
				CLANG_WARN_OBJC_LITERAL_CONVERSION = YES;
				CLANG_WARN_OBJC_ROOT_CLASS = YES_ERROR;
				CLANG_WARN_QUOTED_INCLUDE_IN_FRAMEWORK_HEADER = YES;
				CLANG_WARN_RANGE_LOOP_ANALYSIS = YES;
				CLANG_WARN_STRICT_PROTOTYPES = YES;
				CLANG_WARN_SUSPICIOUS_MOVE = YES;
				CLANG_WARN_UNGUARDED_AVAILABILITY = YES_AGGRESSIVE;
				CLANG_WARN_UNREACHABLE_CODE = YES;
				CLANG_WARN__DUPLICATE_METHOD_MATCH = YES;
				COPY_PHASE_STRIP = NO;
				DEBUG_INFORMATION_FORMAT = dwarf;
				ENABLE_STRICT_OBJC_MSGSEND = YES;
				ENABLE_TESTABILITY = YES;
				GCC_C_LANGUAGE_STANDARD = gnu11;
				GCC_DYNAMIC_NO_PIC = NO;
				GCC_NO_COMMON_BLOCKS = YES;
				GCC_OPTIMIZATION_LEVEL = 0;
				GCC_PREPROCESSOR_DEFINITIONS = (
					"DEBUG=1",
					"$(inherited)",
				);
				GCC_WARN_64_TO_32_BIT_CONVERSION = YES;
				GCC_WARN_ABOUT_RETURN_TYPE = YES_ERROR;
				GCC_WARN_UNDECLARED_SELECTOR = YES;
				GCC_WARN_UNINITIALIZED_AUTOS = YES_AGGRESSIVE;
				GCC_WARN_UNUSED_FUNCTION = YES;
				GCC_WARN_UNUSED_VARIABLE = YES;
				IPHONEOS_DEPLOYMENT_TARGET = 16.2;
				MTL_ENABLE_DEBUG_INFO = INCLUDE_SOURCE;
				MTL_FAST_MATH = YES;
				ONLY_ACTIVE_ARCH = YES;
				SDKROOT = iphoneos;
				SWIFT_ACTIVE_COMPILATION_CONDITIONS = DEBUG;
				SWIFT_OPTIMIZATION_LEVEL = "-Onone";
			};
			name = Debug;
		};
		A8552AB029A8C3E8008E78F3 /* Release */ = {
			isa = XCBuildConfiguration;
			buildSettings = {
				ALWAYS_SEARCH_USER_PATHS = NO;
				CLANG_ANALYZER_NONNULL = YES;
				CLANG_ANALYZER_NUMBER_OBJECT_CONVERSION = YES_AGGRESSIVE;
				CLANG_CXX_LANGUAGE_STANDARD = "gnu++20";
				CLANG_ENABLE_MODULES = YES;
				CLANG_ENABLE_OBJC_ARC = YES;
				CLANG_ENABLE_OBJC_WEAK = YES;
				CLANG_WARN_BLOCK_CAPTURE_AUTORELEASING = YES;
				CLANG_WARN_BOOL_CONVERSION = YES;
				CLANG_WARN_COMMA = YES;
				CLANG_WARN_CONSTANT_CONVERSION = YES;
				CLANG_WARN_DEPRECATED_OBJC_IMPLEMENTATIONS = YES;
				CLANG_WARN_DIRECT_OBJC_ISA_USAGE = YES_ERROR;
				CLANG_WARN_DOCUMENTATION_COMMENTS = YES;
				CLANG_WARN_EMPTY_BODY = YES;
				CLANG_WARN_ENUM_CONVERSION = YES;
				CLANG_WARN_INFINITE_RECURSION = YES;
				CLANG_WARN_INT_CONVERSION = YES;
				CLANG_WARN_NON_LITERAL_NULL_CONVERSION = YES;
				CLANG_WARN_OBJC_IMPLICIT_RETAIN_SELF = YES;
				CLANG_WARN_OBJC_LITERAL_CONVERSION = YES;
				CLANG_WARN_OBJC_ROOT_CLASS = YES_ERROR;
				CLANG_WARN_QUOTED_INCLUDE_IN_FRAMEWORK_HEADER = YES;
				CLANG_WARN_RANGE_LOOP_ANALYSIS = YES;
				CLANG_WARN_STRICT_PROTOTYPES = YES;
				CLANG_WARN_SUSPICIOUS_MOVE = YES;
				CLANG_WARN_UNGUARDED_AVAILABILITY = YES_AGGRESSIVE;
				CLANG_WARN_UNREACHABLE_CODE = YES;
				CLANG_WARN__DUPLICATE_METHOD_MATCH = YES;
				COPY_PHASE_STRIP = NO;
				DEBUG_INFORMATION_FORMAT = "dwarf-with-dsym";
				ENABLE_NS_ASSERTIONS = NO;
				ENABLE_STRICT_OBJC_MSGSEND = YES;
				GCC_C_LANGUAGE_STANDARD = gnu11;
				GCC_NO_COMMON_BLOCKS = YES;
				GCC_WARN_64_TO_32_BIT_CONVERSION = YES;
				GCC_WARN_ABOUT_RETURN_TYPE = YES_ERROR;
				GCC_WARN_UNDECLARED_SELECTOR = YES;
				GCC_WARN_UNINITIALIZED_AUTOS = YES_AGGRESSIVE;
				GCC_WARN_UNUSED_FUNCTION = YES;
				GCC_WARN_UNUSED_VARIABLE = YES;
				IPHONEOS_DEPLOYMENT_TARGET = 16.2;
				MTL_ENABLE_DEBUG_INFO = NO;
				MTL_FAST_MATH = YES;
				SDKROOT = iphoneos;
				SWIFT_COMPILATION_MODE = wholemodule;
				SWIFT_OPTIMIZATION_LEVEL = "-O";
				VALIDATE_PRODUCT = YES;
			};
			name = Release;
		};
		A8552AB229A8C3E8008E78F3 /* Debug */ = {
			isa = XCBuildConfiguration;
			buildSettings = {
				ASSETCATALOG_COMPILER_APPICON_NAME = AppIcon;
				ASSETCATALOG_COMPILER_GLOBAL_ACCENT_COLOR_NAME = AccentColor;
				CODE_SIGN_STYLE = Automatic;
				CURRENT_PROJECT_VERSION = 1;
				DEVELOPMENT_TEAM = AK7S865VNK;
				GENERATE_INFOPLIST_FILE = YES;
				INFOPLIST_FILE = ImageDownloader/Info.plist;
				INFOPLIST_KEY_UIApplicationSupportsIndirectInputEvents = YES;
				INFOPLIST_KEY_UILaunchStoryboardName = LaunchScreen;
				INFOPLIST_KEY_UIMainStoryboardFile = Main;
				INFOPLIST_KEY_UISupportedInterfaceOrientations_iPad = "UIInterfaceOrientationPortrait UIInterfaceOrientationPortraitUpsideDown UIInterfaceOrientationLandscapeLeft UIInterfaceOrientationLandscapeRight";
				INFOPLIST_KEY_UISupportedInterfaceOrientations_iPhone = "UIInterfaceOrientationPortrait UIInterfaceOrientationLandscapeLeft UIInterfaceOrientationLandscapeRight";
				LD_RUNPATH_SEARCH_PATHS = (
					"$(inherited)",
					"@executable_path/Frameworks",
				);
				MARKETING_VERSION = 1.0;
				PRODUCT_BUNDLE_IDENTIFIER = G2.ImageDownloader;
				PRODUCT_NAME = "$(TARGET_NAME)";
				SWIFT_EMIT_LOC_STRINGS = YES;
				SWIFT_VERSION = 5.0;
				TARGETED_DEVICE_FAMILY = "1,2";
			};
			name = Debug;
		};
		A8552AB329A8C3E8008E78F3 /* Release */ = {
			isa = XCBuildConfiguration;
			buildSettings = {
				ASSETCATALOG_COMPILER_APPICON_NAME = AppIcon;
				ASSETCATALOG_COMPILER_GLOBAL_ACCENT_COLOR_NAME = AccentColor;
				CODE_SIGN_STYLE = Automatic;
				CURRENT_PROJECT_VERSION = 1;
				DEVELOPMENT_TEAM = AK7S865VNK;
				GENERATE_INFOPLIST_FILE = YES;
				INFOPLIST_FILE = ImageDownloader/Info.plist;
				INFOPLIST_KEY_UIApplicationSupportsIndirectInputEvents = YES;
				INFOPLIST_KEY_UILaunchStoryboardName = LaunchScreen;
				INFOPLIST_KEY_UIMainStoryboardFile = Main;
				INFOPLIST_KEY_UISupportedInterfaceOrientations_iPad = "UIInterfaceOrientationPortrait UIInterfaceOrientationPortraitUpsideDown UIInterfaceOrientationLandscapeLeft UIInterfaceOrientationLandscapeRight";
				INFOPLIST_KEY_UISupportedInterfaceOrientations_iPhone = "UIInterfaceOrientationPortrait UIInterfaceOrientationLandscapeLeft UIInterfaceOrientationLandscapeRight";
				LD_RUNPATH_SEARCH_PATHS = (
					"$(inherited)",
					"@executable_path/Frameworks",
				);
				MARKETING_VERSION = 1.0;
				PRODUCT_BUNDLE_IDENTIFIER = G2.ImageDownloader;
				PRODUCT_NAME = "$(TARGET_NAME)";
				SWIFT_EMIT_LOC_STRINGS = YES;
				SWIFT_VERSION = 5.0;
				TARGETED_DEVICE_FAMILY = "1,2";
			};
			name = Release;
		};
		A8552AB529A8C3E8008E78F3 /* Debug */ = {
			isa = XCBuildConfiguration;
			buildSettings = {
				ALWAYS_EMBED_SWIFT_STANDARD_LIBRARIES = YES;
				BUNDLE_LOADER = "$(TEST_HOST)";
				CODE_SIGN_STYLE = Automatic;
				CURRENT_PROJECT_VERSION = 1;
				DEVELOPMENT_TEAM = AK7S865VNK;
				GENERATE_INFOPLIST_FILE = YES;
				IPHONEOS_DEPLOYMENT_TARGET = 16.2;
				MARKETING_VERSION = 1.0;
				PRODUCT_BUNDLE_IDENTIFIER = G2.ImageDownloaderTests;
				PRODUCT_NAME = "$(TARGET_NAME)";
				SWIFT_EMIT_LOC_STRINGS = NO;
				SWIFT_VERSION = 5.0;
				TARGETED_DEVICE_FAMILY = "1,2";
				TEST_HOST = "$(BUILT_PRODUCTS_DIR)/ImageDownloader.app/$(BUNDLE_EXECUTABLE_FOLDER_PATH)/ImageDownloader";
			};
			name = Debug;
		};
		A8552AB629A8C3E8008E78F3 /* Release */ = {
			isa = XCBuildConfiguration;
			buildSettings = {
				ALWAYS_EMBED_SWIFT_STANDARD_LIBRARIES = YES;
				BUNDLE_LOADER = "$(TEST_HOST)";
				CODE_SIGN_STYLE = Automatic;
				CURRENT_PROJECT_VERSION = 1;
				DEVELOPMENT_TEAM = AK7S865VNK;
				GENERATE_INFOPLIST_FILE = YES;
				IPHONEOS_DEPLOYMENT_TARGET = 16.2;
				MARKETING_VERSION = 1.0;
				PRODUCT_BUNDLE_IDENTIFIER = G2.ImageDownloaderTests;
				PRODUCT_NAME = "$(TARGET_NAME)";
				SWIFT_EMIT_LOC_STRINGS = NO;
				SWIFT_VERSION = 5.0;
				TARGETED_DEVICE_FAMILY = "1,2";
				TEST_HOST = "$(BUILT_PRODUCTS_DIR)/ImageDownloader.app/$(BUNDLE_EXECUTABLE_FOLDER_PATH)/ImageDownloader";
			};
			name = Release;
		};
		A8552AB829A8C3E8008E78F3 /* Debug */ = {
			isa = XCBuildConfiguration;
			buildSettings = {
				ALWAYS_EMBED_SWIFT_STANDARD_LIBRARIES = YES;
				CODE_SIGN_STYLE = Automatic;
				CURRENT_PROJECT_VERSION = 1;
				DEVELOPMENT_TEAM = AK7S865VNK;
				GENERATE_INFOPLIST_FILE = YES;
				MARKETING_VERSION = 1.0;
				PRODUCT_BUNDLE_IDENTIFIER = G2.ImageDownloaderUITests;
				PRODUCT_NAME = "$(TARGET_NAME)";
				SWIFT_EMIT_LOC_STRINGS = NO;
				SWIFT_VERSION = 5.0;
				TARGETED_DEVICE_FAMILY = "1,2";
				TEST_TARGET_NAME = ImageDownloader;
			};
			name = Debug;
		};
		A8552AB929A8C3E8008E78F3 /* Release */ = {
			isa = XCBuildConfiguration;
			buildSettings = {
				ALWAYS_EMBED_SWIFT_STANDARD_LIBRARIES = YES;
				CODE_SIGN_STYLE = Automatic;
				CURRENT_PROJECT_VERSION = 1;
				DEVELOPMENT_TEAM = AK7S865VNK;
				GENERATE_INFOPLIST_FILE = YES;
				MARKETING_VERSION = 1.0;
				PRODUCT_BUNDLE_IDENTIFIER = G2.ImageDownloaderUITests;
				PRODUCT_NAME = "$(TARGET_NAME)";
				SWIFT_EMIT_LOC_STRINGS = NO;
				SWIFT_VERSION = 5.0;
				TARGETED_DEVICE_FAMILY = "1,2";
				TEST_TARGET_NAME = ImageDownloader;
			};
			name = Release;
		};
/* End XCBuildConfiguration section */

/* Begin XCConfigurationList section */
		A8552A8229A8C3E7008E78F3 /* Build configuration list for PBXProject "ImageDownloader" */ = {
			isa = XCConfigurationList;
			buildConfigurations = (
				A8552AAF29A8C3E8008E78F3 /* Debug */,
				A8552AB029A8C3E8008E78F3 /* Release */,
			);
			defaultConfigurationIsVisible = 0;
			defaultConfigurationName = Release;
		};
		A8552AB129A8C3E8008E78F3 /* Build configuration list for PBXNativeTarget "ImageDownloader" */ = {
			isa = XCConfigurationList;
			buildConfigurations = (
				A8552AB229A8C3E8008E78F3 /* Debug */,
				A8552AB329A8C3E8008E78F3 /* Release */,
			);
			defaultConfigurationIsVisible = 0;
			defaultConfigurationName = Release;
		};
		A8552AB429A8C3E8008E78F3 /* Build configuration list for PBXNativeTarget "ImageDownloaderTests" */ = {
			isa = XCConfigurationList;
			buildConfigurations = (
				A8552AB529A8C3E8008E78F3 /* Debug */,
				A8552AB629A8C3E8008E78F3 /* Release */,
			);
			defaultConfigurationIsVisible = 0;
			defaultConfigurationName = Release;
		};
		A8552AB729A8C3E8008E78F3 /* Build configuration list for PBXNativeTarget "ImageDownloaderUITests" */ = {
			isa = XCConfigurationList;
			buildConfigurations = (
				A8552AB829A8C3E8008E78F3 /* Debug */,
				A8552AB929A8C3E8008E78F3 /* Release */,
			);
			defaultConfigurationIsVisible = 0;
			defaultConfigurationName = Release;
		};
/* End XCConfigurationList section */
	};
	rootObject = A8552A7F29A8C3E7008E78F3 /* Project object */;
}
